
Microsoft Visual Studio Solution File, Format Version 12.00
# Visual Studio Version 17
VisualStudioVersion = 17.7.34221.43
MinimumVisualStudioVersion = 10.0.40219.1
Project("{8BC9CEB8-8B4A-11D0-8D11-00A0C91BC942}") = "NexStarVS", "NexStarVS\NexStarVS.vcxproj", "{93B710AE-70A2-4BF6-B1E2-DD19B38AC6C9}"
EndProject
Project("{2150E333-8FDC-42A3-9474-1A3956D46DE8}") = "NewFolder1", "NewFolder1", "{D86A0540-E095-4543-B8A4-E7DB4A6B7A38}"
EndProject
Global
	GlobalSection(SolutionConfigurationPlatforms) = preSolution
		Debug|x64 = Debug|x64
		Debug|x86 = Debug|x86
		Release|x64 = Release|x64
		Release|x86 = Release|x86
	EndGlobalSection
	GlobalSection(ProjectConfigurationPlatforms) = postSolution
		{93B710AE-70A2-4BF6-B1E2-DD19B38AC6C9}.Debug|x64.ActiveCfg = Debug|x64
		{93B710AE-70A2-4BF6-B1E2-DD19B38AC6C9}.Debug|x64.Build.0 = Debug|x64
		{93B710AE-70A2-4BF6-B1E2-DD19B38AC6C9}.Debug|x86.ActiveCfg = Debug|Win32
		{93B710AE-70A2-4BF6-B1E2-DD19B38AC6C9}.Debug|x86.Build.0 = Debug|Win32
		{93B710AE-70A2-4BF6-B1E2-DD19B38AC6C9}.Release|x64.ActiveCfg = Release|x64
		{93B710AE-70A2-4BF6-B1E2-DD19B38AC6C9}.Release|x64.Build.0 = Release|x64
		{93B710AE-70A2-4BF6-B1E2-DD19B38AC6C9}.Release|x86.ActiveCfg = Release|Win32
		{93B710AE-70A2-4BF6-B1E2-DD19B38AC6C9}.Release|x86.Build.0 = Release|Win32
	EndGlobalSection
	GlobalSection(SolutionProperties) = preSolution
		HideSolutionNode = FALSE
	EndGlobalSection
	GlobalSection(ExtensibilityGlobals) = postSolution
		SolutionGuid = {D56A91A6-870E-4AA2-A435-683A9AD2905F}
	EndGlobalSection
EndGlobal
